
Microsoft Visual Studio Solution File, Format Version 12.00
# Visual Studio Version 16
VisualStudioVersion = 16.0.35425.106
MinimumVisualStudioVersion = 10.0.40219.1
Project("{FAE04EC0-301F-11D3-BF4B-00C04F79EFBC}") = "Capa_Persistencia", "Capa_Persistencia\Capa_Persistencia.csproj", "{9C5FECC5-A323-4EC6-A158-95131CDFD9DD}"
EndProject
Project("{FAE04EC0-301F-11D3-BF4B-00C04F79EFBC}") = "Capa_Aplicacion", "Capa_Aplicacion\Capa_Aplicacion.csproj", "{9EE9955D-7F02-407F-9E55-5B149BFFB857}"
EndProject
Project("{FAE04EC0-301F-11D3-BF4B-00C04F79EFBC}") = "Capa_Datos", "Capa_Datos\Capa_Datos.csproj", "{3E1DB658-2C6E-4DCE-BC77-6DBBAD1D8F96}"
EndProject
Project("{FAE04EC0-301F-11D3-BF4B-00C04F79EFBC}") = "Capa_Acceso_Datos", "Capa_Acceso_Datos\Capa_Acceso_Datos.csproj", "{C81A3F83-9AB1-431D-8994-1ADBC5397844}"
EndProject
Project("{FAE04EC0-301F-11D3-BF4B-00C04F79EFBC}") = "DTO", "DTO\DTO.csproj", "{E439048E-E2E8-4ABE-8A64-2F21FB0DFE09}"
EndProject
Global
	GlobalSection(SolutionConfigurationPlatforms) = preSolution
		Debug|Any CPU = Debug|Any CPU
		Release|Any CPU = Release|Any CPU
	EndGlobalSection
	GlobalSection(ProjectConfigurationPlatforms) = postSolution
		{9C5FECC5-A323-4EC6-A158-95131CDFD9DD}.Debug|Any CPU.ActiveCfg = Debug|Any CPU
		{9C5FECC5-A323-4EC6-A158-95131CDFD9DD}.Debug|Any CPU.Build.0 = Debug|Any CPU
		{9C5FECC5-A323-4EC6-A158-95131CDFD9DD}.Release|Any CPU.ActiveCfg = Release|Any CPU
		{9C5FECC5-A323-4EC6-A158-95131CDFD9DD}.Release|Any CPU.Build.0 = Release|Any CPU
		{9EE9955D-7F02-407F-9E55-5B149BFFB857}.Debug|Any CPU.ActiveCfg = Debug|Any CPU
		{9EE9955D-7F02-407F-9E55-5B149BFFB857}.Debug|Any CPU.Build.0 = Debug|Any CPU
		{9EE9955D-7F02-407F-9E55-5B149BFFB857}.Release|Any CPU.ActiveCfg = Release|Any CPU
		{9EE9955D-7F02-407F-9E55-5B149BFFB857}.Release|Any CPU.Build.0 = Release|Any CPU
		{3E1DB658-2C6E-4DCE-BC77-6DBBAD1D8F96}.Debug|Any CPU.ActiveCfg = Debug|Any CPU
		{3E1DB658-2C6E-4DCE-BC77-6DBBAD1D8F96}.Debug|Any CPU.Build.0 = Debug|Any CPU
		{3E1DB658-2C6E-4DCE-BC77-6DBBAD1D8F96}.Release|Any CPU.ActiveCfg = Release|Any CPU
		{3E1DB658-2C6E-4DCE-BC77-6DBBAD1D8F96}.Release|Any CPU.Build.0 = Release|Any CPU
		{C81A3F83-9AB1-431D-8994-1ADBC5397844}.Debug|Any CPU.ActiveCfg = Debug|Any CPU
		{C81A3F83-9AB1-431D-8994-1ADBC5397844}.Debug|Any CPU.Build.0 = Debug|Any CPU
		{C81A3F83-9AB1-431D-8994-1ADBC5397844}.Release|Any CPU.ActiveCfg = Release|Any CPU
		{C81A3F83-9AB1-431D-8994-1ADBC5397844}.Release|Any CPU.Build.0 = Release|Any CPU
		{E439048E-E2E8-4ABE-8A64-2F21FB0DFE09}.Debug|Any CPU.ActiveCfg = Debug|Any CPU
		{E439048E-E2E8-4ABE-8A64-2F21FB0DFE09}.Debug|Any CPU.Build.0 = Debug|Any CPU
		{E439048E-E2E8-4ABE-8A64-2F21FB0DFE09}.Release|Any CPU.ActiveCfg = Release|Any CPU
		{E439048E-E2E8-4ABE-8A64-2F21FB0DFE09}.Release|Any CPU.Build.0 = Release|Any CPU
	EndGlobalSection
	GlobalSection(SolutionProperties) = preSolution
		HideSolutionNode = FALSE
	EndGlobalSection
	GlobalSection(ExtensibilityGlobals) = postSolution
		SolutionGuid = {8F5E2F84-F149-412D-92F6-DCFBC6DA1EC5}
	EndGlobalSection
EndGlobal
