
Microsoft Visual Studio Solution File, Format Version 12.00
# Visual Studio Version 17
VisualStudioVersion = 17.14.36221.1 d17.14
MinimumVisualStudioVersion = 10.0.40219.1
Project("{FAE04EC0-301F-11D3-BF4B-00C04F79EFBC}") = "Tutoria0407", "Tutoria0407.csproj", "{771F002B-3F3F-46C3-8CFD-50A21D0F6900}"
EndProject
Global
	GlobalSection(SolutionConfigurationPlatforms) = preSolution
		Debug|Any CPU = Debug|Any CPU
		Release|Any CPU = Release|Any CPU
	EndGlobalSection
	GlobalSection(ProjectConfigurationPlatforms) = postSolution
		{771F002B-3F3F-46C3-8CFD-50A21D0F6900}.Debug|Any CPU.ActiveCfg = Debug|Any CPU
		{771F002B-3F3F-46C3-8CFD-50A21D0F6900}.Debug|Any CPU.Build.0 = Debug|Any CPU
		{771F002B-3F3F-46C3-8CFD-50A21D0F6900}.Release|Any CPU.ActiveCfg = Release|Any CPU
		{771F002B-3F3F-46C3-8CFD-50A21D0F6900}.Release|Any CPU.Build.0 = Release|Any CPU
	EndGlobalSection
	GlobalSection(SolutionProperties) = preSolution
		HideSolutionNode = FALSE
	EndGlobalSection
	GlobalSection(ExtensibilityGlobals) = postSolution
		SolutionGuid = {D0317DE6-2E44-494F-8926-288CE6B0C203}
	EndGlobalSection
EndGlobal
